{
  "object": {
    "pins": [
      {
        "package": "AEXML",
        "repositoryURL": "https://github.com/tadija/AEXML.git",
        "state": {
          "branch": null,
          "revision": "db806756c989760b35108146381535aec231092b",
          "version": "4.7.0"
        }
      },
      {
        "package": "CryptoSwift",
        "repositoryURL": "https://github.com/krzyzanowskim/CryptoSwift.git",
        "state": {
          "branch": null,
          "revision": "e45a26384239e028ec87fbcc788f513b67e10d8f",
          "version": "1.9.0"
        }
      },
      {
        "package": "DataCompression",
        "repositoryURL": "https://github.com/mw99/DataCompression.git",
        "state": {
          "branch": null,
          "revision": "16f858982a077451ce3bdbd9144d3073ec85b6e4",
          "version": "3.9.0"
        }
      },
      {
        "package": "GRDB",
        "repositoryURL": "https://github.com/groue/GRDB.swift.git",
        "state": {
          "branch": null,
          "revision": "2cf6c756e1e5ef6901ebae16576a7e4e4b834622",
          "version": "6.29.3"
        }
      },
      {
        "package": "Queuer",
        "repositoryURL": "https://github.com/FabrizioBrancati/Queuer.git",
        "state": {
          "branch": null,
          "revision": "52515108d0ac4616d9e15ffcc7ad986e300d31ff",
          "version": "2.1.1"
        }
      },
      {
        "package": "swift-argument-parser",
        "repositoryURL": "https://github.com/apple/swift-argument-parser",
        "state": {
          "branch": null,
          "revision": "6b2aa2748a7881eebb9f84fb10c01293e15b52ca",
          "version": "0.5.0"
        }
      },
      {
        "package": "swift-asn1",
        "repositoryURL": "https://github.com/apple/swift-asn1.git",
        "state": {
          "branch": null,
          "revision": "eb50cbd14606a9161cbc5d452f18797c90ef0bab",
          "version": "1.7.0"
        }
      },
      {
        "package": "swift-crypto",
        "repositoryURL": "https://github.com/apple/swift-crypto.git",
        "state": {
          "branch": null,
          "revision": "95ba0316a9b733e92bb6b071255ff46263bbe7dc",
          "version": "3.15.1"
        }
      },
      {
        "package": "WiredSwift",
        "repositoryURL": "https://github.com/nark/WiredSwift",
        "state": {
          "branch": "main",
          "revision": "e53ee9e6c8c92a5e81a1bf2bd1536f7e2f65babb",
          "version": null
        }
      }
    ]
  },
  "version": 1
}
